
Microsoft Visual Studio Solution File, Format Version 12.00
# Visual Studio Version 17
VisualStudioVersion = 17.12.35521.163
MinimumVisualStudioVersion = 10.0.40219.1
Project("{2150E333-8FDC-42A3-9474-1A3956D46DE8}") = "Creational", "Creational", "{E21879BA-9101-4BD3-B8DE-264C7B301B2C}"
EndProject
Project("{2150E333-8FDC-42A3-9474-1A3956D46DE8}") = "Structural", "Structural", "{AEB42F11-A113-4930-A2C7-92BAAE920E75}"
EndProject
Project("{2150E333-8FDC-42A3-9474-1A3956D46DE8}") = "Behavioral", "Behavioral", "{E7F75EF2-6224-462E-8440-4FF4AA550295}"
EndProject
Project("{FAE04EC0-301F-11D3-BF4B-00C04F79EFBC}") = "FactoryMethod", "FactoryMethod\FactoryMethod.csproj", "{E91718DF-4BD8-4C83-892B-F96E11D509FC}"
EndProject
Project("{FAE04EC0-301F-11D3-BF4B-00C04F79EFBC}") = "AbstractFactory", "AbstractFactory\AbstractFactory.csproj", "{9B6AA91A-1DBE-4471-9FC5-2277938F85B3}"
EndProject
Project("{FAE04EC0-301F-11D3-BF4B-00C04F79EFBC}") = "Builder", "Builder\Builder.csproj", "{A51885B6-20C7-47DD-AAFA-7FA512D6E4AF}"
EndProject
Project("{FAE04EC0-301F-11D3-BF4B-00C04F79EFBC}") = "BuiderInDotNet", "BuiderInDotNet\BuiderInDotNet.csproj", "{0D03C3E2-59D1-4A17-8FFC-E2F6EAF9ACE4}"
EndProject
Project("{FAE04EC0-301F-11D3-BF4B-00C04F79EFBC}") = "Prototype", "Prototype\Prototype.csproj", "{F527EB23-79A8-4E9A-B391-73C53F614DA0}"
EndProject
Project("{FAE04EC0-301F-11D3-BF4B-00C04F79EFBC}") = "Singleton", "Singleton\Singleton.csproj", "{33BA2C97-10D4-4816-9E52-101575792BA3}"
EndProject
Project("{FAE04EC0-301F-11D3-BF4B-00C04F79EFBC}") = "Adapter", "Adapter\Adapter.csproj", "{4E1ACDFC-478D-497D-82C5-C32AC843B60D}"
EndProject
Project("{FAE04EC0-301F-11D3-BF4B-00C04F79EFBC}") = "Bridge", "Bridge\Bridge.csproj", "{AFE03937-4F91-4FA6-8EE0-D96A38B9C54E}"
EndProject
Project("{FAE04EC0-301F-11D3-BF4B-00C04F79EFBC}") = "Composite", "Composite\Composite.csproj", "{02CC3693-6BF2-4B95-B46B-7040DAB47C26}"
EndProject
Project("{FAE04EC0-301F-11D3-BF4B-00C04F79EFBC}") = "Decorator", "Decorator\Decorator.csproj", "{609B0F1F-AA4A-4D44-81E3-D5A031954133}"
EndProject
Project("{FAE04EC0-301F-11D3-BF4B-00C04F79EFBC}") = "Facade", "Facade\Facade.csproj", "{3D096428-4243-4FDB-9F5A-3397604F9AEE}"
EndProject
Project("{FAE04EC0-301F-11D3-BF4B-00C04F79EFBC}") = "Proxy", "Proxy\Proxy.csproj", "{D40FA7E6-7C81-4A85-A971-9D17FC389D46}"
EndProject
Project("{FAE04EC0-301F-11D3-BF4B-00C04F79EFBC}") = "ChainOfResponsibility", "ChainOfResponsibility\ChainOfResponsibility.csproj", "{37CC8CB5-500B-4EB6-82CF-50DA40DDF9B4}"
EndProject
Project("{FAE04EC0-301F-11D3-BF4B-00C04F79EFBC}") = "CoRIndotnetcore", "CoRIndotnetcore\CoRIndotnetcore.csproj", "{A928DED0-D11C-4879-A7BF-12BA3490B67D}"
EndProject
Project("{FAE04EC0-301F-11D3-BF4B-00C04F79EFBC}") = "Command", "Command\Command.csproj", "{DB7A1976-C77A-47B7-9161-51CF235ECC29}"
EndProject
Project("{FAE04EC0-301F-11D3-BF4B-00C04F79EFBC}") = "Iterator", "Iterator\Iterator.csproj", "{87C625C0-083D-4676-B320-50EF85CD8010}"
EndProject
Project("{FAE04EC0-301F-11D3-BF4B-00C04F79EFBC}") = "Interpreter", "Interpreter\Interpreter.csproj", "{6546537E-CACC-4369-A7DE-169B19A4F580}"
EndProject
Project("{FAE04EC0-301F-11D3-BF4B-00C04F79EFBC}") = "Strategy", "Strategy\Strategy.csproj", "{3D95E287-09E3-4696-9080-D84170BE87E0}"
EndProject
Project("{FAE04EC0-301F-11D3-BF4B-00C04F79EFBC}") = "TemplateMethod", "TemplateMethod\TemplateMethod.csproj", "{5121CE6E-096A-483B-A67C-3B3E534AFD4A}"
EndProject
Project("{FAE04EC0-301F-11D3-BF4B-00C04F79EFBC}") = "usingMediator", "usingMediator\usingMediator.csproj", "{1CE2271B-6FA9-49A4-BAAE-819FFBDECA04}"
EndProject
Project("{FAE04EC0-301F-11D3-BF4B-00C04F79EFBC}") = "Memento", "Memento\Memento.csproj", "{2DEF0AE7-0E7E-4206-B07C-294EB3DD4D3A}"
EndProject
Project("{FAE04EC0-301F-11D3-BF4B-00C04F79EFBC}") = "State", "State\State.csproj", "{76F1E59E-BE10-40C9-B93E-847FE4502F63}"
EndProject
Project("{FAE04EC0-301F-11D3-BF4B-00C04F79EFBC}") = "Visitor", "Visitor\Visitor.csproj", "{7247DA76-01CE-47AA-B3B6-7083B3275349}"
EndProject
Global
	GlobalSection(SolutionConfigurationPlatforms) = preSolution
		Debug|Any CPU = Debug|Any CPU
		Release|Any CPU = Release|Any CPU
	EndGlobalSection
	GlobalSection(ProjectConfigurationPlatforms) = postSolution
		{E91718DF-4BD8-4C83-892B-F96E11D509FC}.Debug|Any CPU.ActiveCfg = Debug|Any CPU
		{E91718DF-4BD8-4C83-892B-F96E11D509FC}.Debug|Any CPU.Build.0 = Debug|Any CPU
		{E91718DF-4BD8-4C83-892B-F96E11D509FC}.Release|Any CPU.ActiveCfg = Release|Any CPU
		{E91718DF-4BD8-4C83-892B-F96E11D509FC}.Release|Any CPU.Build.0 = Release|Any CPU
		{9B6AA91A-1DBE-4471-9FC5-2277938F85B3}.Debug|Any CPU.ActiveCfg = Debug|Any CPU
		{9B6AA91A-1DBE-4471-9FC5-2277938F85B3}.Debug|Any CPU.Build.0 = Debug|Any CPU
		{9B6AA91A-1DBE-4471-9FC5-2277938F85B3}.Release|Any CPU.ActiveCfg = Release|Any CPU
		{9B6AA91A-1DBE-4471-9FC5-2277938F85B3}.Release|Any CPU.Build.0 = Release|Any CPU
		{A51885B6-20C7-47DD-AAFA-7FA512D6E4AF}.Debug|Any CPU.ActiveCfg = Debug|Any CPU
		{A51885B6-20C7-47DD-AAFA-7FA512D6E4AF}.Debug|Any CPU.Build.0 = Debug|Any CPU
		{A51885B6-20C7-47DD-AAFA-7FA512D6E4AF}.Release|Any CPU.ActiveCfg = Release|Any CPU
		{A51885B6-20C7-47DD-AAFA-7FA512D6E4AF}.Release|Any CPU.Build.0 = Release|Any CPU
		{0D03C3E2-59D1-4A17-8FFC-E2F6EAF9ACE4}.Debug|Any CPU.ActiveCfg = Debug|Any CPU
		{0D03C3E2-59D1-4A17-8FFC-E2F6EAF9ACE4}.Debug|Any CPU.Build.0 = Debug|Any CPU
		{0D03C3E2-59D1-4A17-8FFC-E2F6EAF9ACE4}.Release|Any CPU.ActiveCfg = Release|Any CPU
		{0D03C3E2-59D1-4A17-8FFC-E2F6EAF9ACE4}.Release|Any CPU.Build.0 = Release|Any CPU
		{F527EB23-79A8-4E9A-B391-73C53F614DA0}.Debug|Any CPU.ActiveCfg = Debug|Any CPU
		{F527EB23-79A8-4E9A-B391-73C53F614DA0}.Debug|Any CPU.Build.0 = Debug|Any CPU
		{F527EB23-79A8-4E9A-B391-73C53F614DA0}.Release|Any CPU.ActiveCfg = Release|Any CPU
		{F527EB23-79A8-4E9A-B391-73C53F614DA0}.Release|Any CPU.Build.0 = Release|Any CPU
		{33BA2C97-10D4-4816-9E52-101575792BA3}.Debug|Any CPU.ActiveCfg = Debug|Any CPU
		{33BA2C97-10D4-4816-9E52-101575792BA3}.Debug|Any CPU.Build.0 = Debug|Any CPU
		{33BA2C97-10D4-4816-9E52-101575792BA3}.Release|Any CPU.ActiveCfg = Release|Any CPU
		{33BA2C97-10D4-4816-9E52-101575792BA3}.Release|Any CPU.Build.0 = Release|Any CPU
		{4E1ACDFC-478D-497D-82C5-C32AC843B60D}.Debug|Any CPU.ActiveCfg = Debug|Any CPU
		{4E1ACDFC-478D-497D-82C5-C32AC843B60D}.Debug|Any CPU.Build.0 = Debug|Any CPU
		{4E1ACDFC-478D-497D-82C5-C32AC843B60D}.Release|Any CPU.ActiveCfg = Release|Any CPU
		{4E1ACDFC-478D-497D-82C5-C32AC843B60D}.Release|Any CPU.Build.0 = Release|Any CPU
		{AFE03937-4F91-4FA6-8EE0-D96A38B9C54E}.Debug|Any CPU.ActiveCfg = Debug|Any CPU
		{AFE03937-4F91-4FA6-8EE0-D96A38B9C54E}.Debug|Any CPU.Build.0 = Debug|Any CPU
		{AFE03937-4F91-4FA6-8EE0-D96A38B9C54E}.Release|Any CPU.ActiveCfg = Release|Any CPU
		{AFE03937-4F91-4FA6-8EE0-D96A38B9C54E}.Release|Any CPU.Build.0 = Release|Any CPU
		{02CC3693-6BF2-4B95-B46B-7040DAB47C26}.Debug|Any CPU.ActiveCfg = Debug|Any CPU
		{02CC3693-6BF2-4B95-B46B-7040DAB47C26}.Debug|Any CPU.Build.0 = Debug|Any CPU
		{02CC3693-6BF2-4B95-B46B-7040DAB47C26}.Release|Any CPU.ActiveCfg = Release|Any CPU
		{02CC3693-6BF2-4B95-B46B-7040DAB47C26}.Release|Any CPU.Build.0 = Release|Any CPU
		{609B0F1F-AA4A-4D44-81E3-D5A031954133}.Debug|Any CPU.ActiveCfg = Debug|Any CPU
		{609B0F1F-AA4A-4D44-81E3-D5A031954133}.Debug|Any CPU.Build.0 = Debug|Any CPU
		{609B0F1F-AA4A-4D44-81E3-D5A031954133}.Release|Any CPU.ActiveCfg = Release|Any CPU
		{609B0F1F-AA4A-4D44-81E3-D5A031954133}.Release|Any CPU.Build.0 = Release|Any CPU
		{3D096428-4243-4FDB-9F5A-3397604F9AEE}.Debug|Any CPU.ActiveCfg = Debug|Any CPU
		{3D096428-4243-4FDB-9F5A-3397604F9AEE}.Debug|Any CPU.Build.0 = Debug|Any CPU
		{3D096428-4243-4FDB-9F5A-3397604F9AEE}.Release|Any CPU.ActiveCfg = Release|Any CPU
		{3D096428-4243-4FDB-9F5A-3397604F9AEE}.Release|Any CPU.Build.0 = Release|Any CPU
		{D40FA7E6-7C81-4A85-A971-9D17FC389D46}.Debug|Any CPU.ActiveCfg = Debug|Any CPU
		{D40FA7E6-7C81-4A85-A971-9D17FC389D46}.Debug|Any CPU.Build.0 = Debug|Any CPU
		{D40FA7E6-7C81-4A85-A971-9D17FC389D46}.Release|Any CPU.ActiveCfg = Release|Any CPU
		{D40FA7E6-7C81-4A85-A971-9D17FC389D46}.Release|Any CPU.Build.0 = Release|Any CPU
		{37CC8CB5-500B-4EB6-82CF-50DA40DDF9B4}.Debug|Any CPU.ActiveCfg = Debug|Any CPU
		{37CC8CB5-500B-4EB6-82CF-50DA40DDF9B4}.Debug|Any CPU.Build.0 = Debug|Any CPU
		{37CC8CB5-500B-4EB6-82CF-50DA40DDF9B4}.Release|Any CPU.ActiveCfg = Release|Any CPU
		{37CC8CB5-500B-4EB6-82CF-50DA40DDF9B4}.Release|Any CPU.Build.0 = Release|Any CPU
		{A928DED0-D11C-4879-A7BF-12BA3490B67D}.Debug|Any CPU.ActiveCfg = Debug|Any CPU
		{A928DED0-D11C-4879-A7BF-12BA3490B67D}.Debug|Any CPU.Build.0 = Debug|Any CPU
		{A928DED0-D11C-4879-A7BF-12BA3490B67D}.Release|Any CPU.ActiveCfg = Release|Any CPU
		{A928DED0-D11C-4879-A7BF-12BA3490B67D}.Release|Any CPU.Build.0 = Release|Any CPU
		{DB7A1976-C77A-47B7-9161-51CF235ECC29}.Debug|Any CPU.ActiveCfg = Debug|Any CPU
		{DB7A1976-C77A-47B7-9161-51CF235ECC29}.Debug|Any CPU.Build.0 = Debug|Any CPU
		{DB7A1976-C77A-47B7-9161-51CF235ECC29}.Release|Any CPU.ActiveCfg = Release|Any CPU
		{DB7A1976-C77A-47B7-9161-51CF235ECC29}.Release|Any CPU.Build.0 = Release|Any CPU
		{87C625C0-083D-4676-B320-50EF85CD8010}.Debug|Any CPU.ActiveCfg = Debug|Any CPU
		{87C625C0-083D-4676-B320-50EF85CD8010}.Debug|Any CPU.Build.0 = Debug|Any CPU
		{87C625C0-083D-4676-B320-50EF85CD8010}.Release|Any CPU.ActiveCfg = Release|Any CPU
		{87C625C0-083D-4676-B320-50EF85CD8010}.Release|Any CPU.Build.0 = Release|Any CPU
		{6546537E-CACC-4369-A7DE-169B19A4F580}.Debug|Any CPU.ActiveCfg = Debug|Any CPU
		{6546537E-CACC-4369-A7DE-169B19A4F580}.Debug|Any CPU.Build.0 = Debug|Any CPU
		{6546537E-CACC-4369-A7DE-169B19A4F580}.Release|Any CPU.ActiveCfg = Release|Any CPU
		{6546537E-CACC-4369-A7DE-169B19A4F580}.Release|Any CPU.Build.0 = Release|Any CPU
		{3D95E287-09E3-4696-9080-D84170BE87E0}.Debug|Any CPU.ActiveCfg = Debug|Any CPU
		{3D95E287-09E3-4696-9080-D84170BE87E0}.Debug|Any CPU.Build.0 = Debug|Any CPU
		{3D95E287-09E3-4696-9080-D84170BE87E0}.Release|Any CPU.ActiveCfg = Release|Any CPU
		{3D95E287-09E3-4696-9080-D84170BE87E0}.Release|Any CPU.Build.0 = Release|Any CPU
		{5121CE6E-096A-483B-A67C-3B3E534AFD4A}.Debug|Any CPU.ActiveCfg = Debug|Any CPU
		{5121CE6E-096A-483B-A67C-3B3E534AFD4A}.Debug|Any CPU.Build.0 = Debug|Any CPU
		{5121CE6E-096A-483B-A67C-3B3E534AFD4A}.Release|Any CPU.ActiveCfg = Release|Any CPU
		{5121CE6E-096A-483B-A67C-3B3E534AFD4A}.Release|Any CPU.Build.0 = Release|Any CPU
		{1CE2271B-6FA9-49A4-BAAE-819FFBDECA04}.Debug|Any CPU.ActiveCfg = Debug|Any CPU
		{1CE2271B-6FA9-49A4-BAAE-819FFBDECA04}.Debug|Any CPU.Build.0 = Debug|Any CPU
		{1CE2271B-6FA9-49A4-BAAE-819FFBDECA04}.Release|Any CPU.ActiveCfg = Release|Any CPU
		{1CE2271B-6FA9-49A4-BAAE-819FFBDECA04}.Release|Any CPU.Build.0 = Release|Any CPU
		{2DEF0AE7-0E7E-4206-B07C-294EB3DD4D3A}.Debug|Any CPU.ActiveCfg = Debug|Any CPU
		{2DEF0AE7-0E7E-4206-B07C-294EB3DD4D3A}.Debug|Any CPU.Build.0 = Debug|Any CPU
		{2DEF0AE7-0E7E-4206-B07C-294EB3DD4D3A}.Release|Any CPU.ActiveCfg = Release|Any CPU
		{2DEF0AE7-0E7E-4206-B07C-294EB3DD4D3A}.Release|Any CPU.Build.0 = Release|Any CPU
		{76F1E59E-BE10-40C9-B93E-847FE4502F63}.Debug|Any CPU.ActiveCfg = Debug|Any CPU
		{76F1E59E-BE10-40C9-B93E-847FE4502F63}.Debug|Any CPU.Build.0 = Debug|Any CPU
		{76F1E59E-BE10-40C9-B93E-847FE4502F63}.Release|Any CPU.ActiveCfg = Release|Any CPU
		{76F1E59E-BE10-40C9-B93E-847FE4502F63}.Release|Any CPU.Build.0 = Release|Any CPU
		{7247DA76-01CE-47AA-B3B6-7083B3275349}.Debug|Any CPU.ActiveCfg = Debug|Any CPU
		{7247DA76-01CE-47AA-B3B6-7083B3275349}.Debug|Any CPU.Build.0 = Debug|Any CPU
		{7247DA76-01CE-47AA-B3B6-7083B3275349}.Release|Any CPU.ActiveCfg = Release|Any CPU
		{7247DA76-01CE-47AA-B3B6-7083B3275349}.Release|Any CPU.Build.0 = Release|Any CPU
	EndGlobalSection
	GlobalSection(SolutionProperties) = preSolution
		HideSolutionNode = FALSE
	EndGlobalSection
	GlobalSection(NestedProjects) = preSolution
		{E91718DF-4BD8-4C83-892B-F96E11D509FC} = {E21879BA-9101-4BD3-B8DE-264C7B301B2C}
		{9B6AA91A-1DBE-4471-9FC5-2277938F85B3} = {E21879BA-9101-4BD3-B8DE-264C7B301B2C}
		{A51885B6-20C7-47DD-AAFA-7FA512D6E4AF} = {E21879BA-9101-4BD3-B8DE-264C7B301B2C}
		{0D03C3E2-59D1-4A17-8FFC-E2F6EAF9ACE4} = {E21879BA-9101-4BD3-B8DE-264C7B301B2C}
		{F527EB23-79A8-4E9A-B391-73C53F614DA0} = {E21879BA-9101-4BD3-B8DE-264C7B301B2C}
		{33BA2C97-10D4-4816-9E52-101575792BA3} = {E21879BA-9101-4BD3-B8DE-264C7B301B2C}
		{4E1ACDFC-478D-497D-82C5-C32AC843B60D} = {AEB42F11-A113-4930-A2C7-92BAAE920E75}
		{AFE03937-4F91-4FA6-8EE0-D96A38B9C54E} = {AEB42F11-A113-4930-A2C7-92BAAE920E75}
		{02CC3693-6BF2-4B95-B46B-7040DAB47C26} = {AEB42F11-A113-4930-A2C7-92BAAE920E75}
		{609B0F1F-AA4A-4D44-81E3-D5A031954133} = {AEB42F11-A113-4930-A2C7-92BAAE920E75}
		{3D096428-4243-4FDB-9F5A-3397604F9AEE} = {AEB42F11-A113-4930-A2C7-92BAAE920E75}
		{D40FA7E6-7C81-4A85-A971-9D17FC389D46} = {AEB42F11-A113-4930-A2C7-92BAAE920E75}
		{37CC8CB5-500B-4EB6-82CF-50DA40DDF9B4} = {E7F75EF2-6224-462E-8440-4FF4AA550295}
		{A928DED0-D11C-4879-A7BF-12BA3490B67D} = {E7F75EF2-6224-462E-8440-4FF4AA550295}
		{DB7A1976-C77A-47B7-9161-51CF235ECC29} = {E7F75EF2-6224-462E-8440-4FF4AA550295}
		{87C625C0-083D-4676-B320-50EF85CD8010} = {E7F75EF2-6224-462E-8440-4FF4AA550295}
		{6546537E-CACC-4369-A7DE-169B19A4F580} = {E7F75EF2-6224-462E-8440-4FF4AA550295}
		{3D95E287-09E3-4696-9080-D84170BE87E0} = {E7F75EF2-6224-462E-8440-4FF4AA550295}
		{5121CE6E-096A-483B-A67C-3B3E534AFD4A} = {E7F75EF2-6224-462E-8440-4FF4AA550295}
		{1CE2271B-6FA9-49A4-BAAE-819FFBDECA04} = {E7F75EF2-6224-462E-8440-4FF4AA550295}
		{2DEF0AE7-0E7E-4206-B07C-294EB3DD4D3A} = {E7F75EF2-6224-462E-8440-4FF4AA550295}
		{76F1E59E-BE10-40C9-B93E-847FE4502F63} = {E7F75EF2-6224-462E-8440-4FF4AA550295}
		{7247DA76-01CE-47AA-B3B6-7083B3275349} = {E7F75EF2-6224-462E-8440-4FF4AA550295}
	EndGlobalSection
EndGlobal
